lockfileVersion: '9.0'

settings:
  autoInstallPeers: true
  excludeLinksFromLockfile: false

importers:

  .:
    devDependencies:
      daisyui:
        specifier: ^5.5.18
        version: 5.5.18
      tailwindcss:
        specifier: ^4.1.18
        version: 4.1.18

packages:

  daisyui@5.5.18:
    resolution: {integrity: sha512-VVzjpOitMGB6DWIBeRSapbjdOevFqyzpk9u5Um6a4tyId3JFrU5pbtF0vgjXDth76mJZbueN/j9Ok03SPrh/og==}

  tailwindcss@4.1.18:
    resolution: {integrity: sha512-4+Z+0yiYyEtUVCScyfHCxOYP06L5Ne+JiHhY2IjR2KWMIWhJOYZKLSGZaP5HkZ8+bY0cxfzwDE5uOmzFXyIwxw==}

snapshots:

  daisyui@5.5.18: {}

  tailwindcss@4.1.18: {}
